Microsoft Visual Studio Solution File, Format Version 11.00
# Visual Studio 2008

Project("{CED02BB2-8DDF-93A4-ACBD-C38929716FA6}") = "NNMonoBehaviour", "Assembly-CSharp.csproj", "{84562190-01F4-F256-E2A3-BBE34076E2A3}"
EndProject
Global
	GlobalSection(SolutionConfigurationPlatforms) = preSolution
		Debug|Any CPU = Debug|Any CPU
		Release|Any CPU = Release|Any CPU
	EndGlobalSection
	GlobalSection(ProjectConfigurationPlatforms) = postSolution
		{84562190-01F4-F256-E2A3-BBE34076E2A3}.Debug|Any CPU.ActiveCfg = Debug|Any CPU
		{84562190-01F4-F256-E2A3-BBE34076E2A3}.Debug|Any CPU.Build.0 = Debug|Any CPU
		{84562190-01F4-F256-E2A3-BBE34076E2A3}.Release|Any CPU.ActiveCfg = Release|Any CPU
		{84562190-01F4-F256-E2A3-BBE34076E2A3}.Release|Any CPU.Build.0 = Release|Any CPU
	EndGlobalSection
	GlobalSection(SolutionProperties) = preSolution
		HideSolutionNode = FALSE
	EndGlobalSection
	GlobalSection(MonoDevelopProperties) = preSolution
		StartupItem = Assembly-CSharp.csproj
	EndGlobalSection
EndGlobal
